
Microsoft Visual Studio Solution File, Format Version 12.00
# Visual Studio Version 17
VisualStudioVersion = 17.14.36327.8
MinimumVisualStudioVersion = 10.0.40219.1
Project("{FAE04EC0-301F-11D3-BF4B-00C04F79EFBC}") = "VF_CR_Management_System", "VF_CR_Management_System\VF_CR_Management_System.csproj", "{16F524AF-CDD7-4A13-B110-69CE41556491}"
EndProject
Project("{FAE04EC0-301F-11D3-BF4B-00C04F79EFBC}") = "VF_CR_Management_System.Business", "VF_CR_Management_System.Business\VF_CR_Management_System.Business.csproj", "{B6448642-4B70-4BCA-852B-0020E32254F0}"
EndProject
Project("{FAE04EC0-301F-11D3-BF4B-00C04F79EFBC}") = "VF_CR_Management_System.Data", "VF_CR_Management_System.Data\VF_CR_Management_System.Data.csproj", "{AD92C2C7-ADD5-4016-8ED9-434C294F1CD3}"
EndProject
Global
	GlobalSection(SolutionConfigurationPlatforms) = preSolution
		Debug|Any CPU = Debug|Any CPU
		Release|Any CPU = Release|Any CPU
	EndGlobalSection
	GlobalSection(ProjectConfigurationPlatforms) = postSolution
		{16F524AF-CDD7-4A13-B110-69CE41556491}.Debug|Any CPU.ActiveCfg = Debug|Any CPU
		{16F524AF-CDD7-4A13-B110-69CE41556491}.Debug|Any CPU.Build.0 = Debug|Any CPU
		{16F524AF-CDD7-4A13-B110-69CE41556491}.Release|Any CPU.ActiveCfg = Release|Any CPU
		{16F524AF-CDD7-4A13-B110-69CE41556491}.Release|Any CPU.Build.0 = Release|Any CPU
		{B6448642-4B70-4BCA-852B-0020E32254F0}.Debug|Any CPU.ActiveCfg = Debug|Any CPU
		{B6448642-4B70-4BCA-852B-0020E32254F0}.Debug|Any CPU.Build.0 = Debug|Any CPU
		{B6448642-4B70-4BCA-852B-0020E32254F0}.Release|Any CPU.ActiveCfg = Release|Any CPU
		{B6448642-4B70-4BCA-852B-0020E32254F0}.Release|Any CPU.Build.0 = Release|Any CPU
		{AD92C2C7-ADD5-4016-8ED9-434C294F1CD3}.Debug|Any CPU.ActiveCfg = Debug|Any CPU
		{AD92C2C7-ADD5-4016-8ED9-434C294F1CD3}.Debug|Any CPU.Build.0 = Debug|Any CPU
		{AD92C2C7-ADD5-4016-8ED9-434C294F1CD3}.Release|Any CPU.ActiveCfg = Release|Any CPU
		{AD92C2C7-ADD5-4016-8ED9-434C294F1CD3}.Release|Any CPU.Build.0 = Release|Any CPU
	EndGlobalSection
	GlobalSection(SolutionProperties) = preSolution
		HideSolutionNode = FALSE
	EndGlobalSection
	GlobalSection(ExtensibilityGlobals) = postSolution
		SolutionGuid = {BABEDBB5-F27F-4455-AC04-7A513E9F8823}
	EndGlobalSection
EndGlobal
